#
# This file is generated by pip-compile from requirements.txt
# To update: pip-compile requirements.txt -o requirements.lock
# Regenerate periodically for security updates
#
# Generated: 2026-08-08 (8.8 最终版：与交付模型保存环境一致)
# 交付模型 ppo_best_model_16dim.zip 以 sb3 2.9.0 + gymnasium 1.3.0 保存，
# lock 必须与之对齐（此前锁 2.8.0/1.2.3 导致外部评审 PPO.load 失败）。
# 组合经实测：torch 2.8.0 + sb3 2.9.0 + gym 1.3.0 模型加载 smoke 通过。
#)

# 核心依赖
numpy==2.2.5
pandas==2.2.3
# 8.8 修复：scipy 1.17.1 需 Python>=3.11（CI 矩阵含 3.10），降到 1.14.1（支持 3.10+，兼容 numpy 2.x）
scipy==1.14.1

# 强化学习
# 8.8 最终版：与交付模型保存环境一致（sb3 2.9.0/gymnasium 1.3.0），
# torch 升 2.8.0 满足 sb3 2.9.0 要求（torch>=2.8）；模型加载 smoke 实测通过
gymnasium==1.3.0
stable-baselines3==2.9.0
sb3-contrib==2.9.0
torch==2.8.0
tensorboard==2.20.0

# Web框架
fastapi==0.110.0
uvicorn==0.27.1
pydantic==2.6.3

# 数据可视化
matplotlib==3.9.2

# HTTP客户端
# 8.8 修复：requests 2.34.2 自带 py.typed 类型标注，无需 types-requests；
# 旧版 types-requests stub 与 2.34.2 冲突会导致 mypy 推断异常
# （Returning Any / ABCMeta has no attribute load）。
requests==2.34.2
httpx==0.27.0

# 配置管理
python-dotenv==1.2.2
pyyaml==6.0.1
types-PyYAML==6.0.12.20240311

# 日志
loguru==0.7.2

# 测试
pytest==8.0.2
pytest-asyncio==1.3.0
pytest-cov==4.1.0
pytest-timeout==2.3.1
pytest-flakefinder==1.1.0
pytest-benchmark==4.0.0
hypothesis==6.98.17

# 代码质量
# 8.8 修复：工具链与 CI 对齐（原 mypy 1.9.0/ruff 0.3.0 过旧，
# 按 lock 复现会得到与 CI 不同的 lint/typecheck 结果——红队 P1-8）
mypy==2.1.0
ruff==0.16.2
bandit==1.7.7

# 可观测性 & CLI
prometheus-client==0.20.0
click==8.1.7

# 工具
tqdm==4.66.3
